// !$*UTF8*$!
{
	archiveVersion = 1;
	classes = {
	};
	objectVersion = 46;
	objects = {

/* Begin PBXBuildFile section */
		A84667291E3266F100ED5493 /* Pokecell.swift in Sources */ = {isa = PBXBuildFile; fileRef = A84667281E3266F100ED5493 /* Pokecell.swift */; };
		A846672C1E32742E00ED5493 /* csv.swift in Sources */ = {isa = PBXBuildFile; fileRef = A846672B1E32742E00ED5493 /* csv.swift */; };
		A87B6F081E31468B000207C5 /* AppDelegate.swift in Sources */ = {isa = PBXBuildFile; fileRef = A87B6F071E31468B000207C5 /* AppDelegate.swift */; };
		A87B6F0A1E31468B000207C5 /* PokeVC.swift in Sources */ = {isa = PBXBuildFile; fileRef = A87B6F091E31468B000207C5 /* PokeVC.swift */; };
		A87B6F0D1E31468B000207C5 /* Main.storyboard in Resources */ = {isa = PBXBuildFile; fileRef = A87B6F0B1E31468B000207C5 /* Main.storyboard */; };
		A87B6F0F1E31468B000207C5 /* Assets.xcassets in Resources */ = {isa = PBXBuildFile; fileRef = A87B6F0E1E31468B000207C5 /* Assets.xcassets */; };
		A87B6F121E31468B000207C5 /* LaunchScreen.storyboard in Resources */ = {isa = PBXBuildFile; fileRef = A87B6F101E31468B000207C5 /* LaunchScreen.storyboard */; };
		A87B6F1D1E31468C000207C5 /* PoxedexTests.swift in Sources */ = {isa = PBXBuildFile; fileRef = A87B6F1C1E31468C000207C5 /* PoxedexTests.swift */; };
		A87B6F281E31468C000207C5 /* PoxedexUITests.swift in Sources */ = {isa = PBXBuildFile; fileRef = A87B6F271E31468C000207C5 /* PoxedexUITests.swift */; };
		A87B78981E32D1680020AFBF /* Alamofire.framework in Frameworks */ = {isa = PBXBuildFile; fileRef = A87B78891E32C8E00020AFBF /* Alamofire.framework */; };
		A87B78991E32D1680020AFBF /* Alamofire.framework in Embed Frameworks */ = {isa = PBXBuildFile; fileRef = A87B78891E32C8E00020AFBF /* Alamofire.framework */; settings = {ATTRIBUTES = (CodeSignOnCopy, RemoveHeadersOnCopy, ); }; };
		A884B4051E329754009F645B /* PokemonDetailVC.swift in Sources */ = {isa = PBXBuildFile; fileRef = A884B4041E329754009F645B /* PokemonDetailVC.swift */; };
		A884B40E1E32AED8009F645B /* Constants.swift in Sources */ = {isa = PBXBuildFile; fileRef = A884B40D1E32AED8009F645B /* Constants.swift */; };
		A8A3ACF51E327C7600B5BFDA /* Pokemon.ttf in Resources */ = {isa = PBXBuildFile; fileRef = A8A3ACF41E327C7600B5BFDA /* Pokemon.ttf */; };
		A8A3ACF71E3280D200B5BFDA /* music.mp3 in Resources */ = {isa = PBXBuildFile; fileRef = A8A3ACF61E3280D200B5BFDA /* music.mp3 */; };
		A8B0D2E81E314DA800C79026 /* pokemon.csv in Resources */ = {isa = PBXBuildFile; fileRef = A8B0D2E71E314DA800C79026 /* pokemon.csv */; };
		A8B0D2EB1E31531C00C79026 /* Pokemon.swift in Sources */ = {isa = PBXBuildFile; fileRef = A8B0D2EA1E31531C00C79026 /* Pokemon.swift */; };
/* End PBXBuildFile section */

/* Begin PBXContainerItemProxy section */
		A87B6F191E31468C000207C5 /* PBXContainerItemProxy */ = {
			isa = PBXContainerItemProxy;
			containerPortal = A87B6EFC1E31468B000207C5 /* Project object */;
			proxyType = 1;
			remoteGlobalIDString = A87B6F031E31468B000207C5;
			remoteInfo = Poxedex;
		};
		A87B6F241E31468C000207C5 /* PBXContainerItemProxy */ = {
			isa = PBXContainerItemProxy;
			containerPortal = A87B6EFC1E31468B000207C5 /* Project object */;
			proxyType = 1;
			remoteGlobalIDString = A87B6F031E31468B000207C5;
			remoteInfo = Poxedex;
		};
		A87B78881E32C8E00020AFBF /* PBXContainerItemProxy */ = {
			isa = PBXContainerItemProxy;
			containerPortal = A87B787D1E32C8E00020AFBF /* Alamofire.xcodeproj */;
			proxyType = 2;
			remoteGlobalIDString = F8111E3319A95C8B0040E7D1;
			remoteInfo = "Alamofire iOS";
		};
		A87B788A1E32C8E00020AFBF /* PBXContainerItemProxy */ = {
			isa = PBXContainerItemProxy;
			containerPortal = A87B787D1E32C8E00020AFBF /* Alamofire.xcodeproj */;
			proxyType = 2;
			remoteGlobalIDString = F8111E3E19A95C8B0040E7D1;
			remoteInfo = "Alamofire iOS Tests";
		};
		A87B788C1E32C8E00020AFBF /* PBXContainerItemProxy */ = {
			isa = PBXContainerItemProxy;
			containerPortal = A87B787D1E32C8E00020AFBF /* Alamofire.xcodeproj */;
			proxyType = 2;
			remoteGlobalIDString = 4DD67C0B1A5C55C900ED2280;
			remoteInfo = "Alamofire macOS";
		};
		A87B788E1E32C8E00020AFBF /* PBXContainerItemProxy */ = {
			isa = PBXContainerItemProxy;
			containerPortal = A87B787D1E32C8E00020AFBF /* Alamofire.xcodeproj */;
			proxyType = 2;
			remoteGlobalIDString = F829C6B21A7A94F100A2CD59;
			remoteInfo = "Alamofire macOS Tests";
		};
		A87B78901E32C8E00020AFBF /* PBXContainerItemProxy */ = {
			isa = PBXContainerItemProxy;
			containerPortal = A87B787D1E32C8E00020AFBF /* Alamofire.xcodeproj */;
			proxyType = 2;
			remoteGlobalIDString = 4CF626EF1BA7CB3E0011A099;
			remoteInfo = "Alamofire tvOS";
		};
		A87B78921E32C8E00020AFBF /* PBXContainerItemProxy */ = {
			isa = PBXContainerItemProxy;
			containerPortal = A87B787D1E32C8E00020AFBF /* Alamofire.xcodeproj */;
			proxyType = 2;
			remoteGlobalIDString = 4CF626F81BA7CB3E0011A099;
			remoteInfo = "Alamofire tvOS Tests";
		};
		A87B78941E32C8E00020AFBF /* PBXContainerItemProxy */ = {
			isa = PBXContainerItemProxy;
			containerPortal = A87B787D1E32C8E00020AFBF /* Alamofire.xcodeproj */;
			proxyType = 2;
			remoteGlobalIDString = E4202FE01B667AA100C997FB;
			remoteInfo = "Alamofire watchOS";
		};
		A87B78961E32C90A0020AFBF /* PBXContainerItemProxy */ = {
			isa = PBXContainerItemProxy;
			containerPortal = A87B787D1E32C8E00020AFBF /* Alamofire.xcodeproj */;
			proxyType = 1;
			remoteGlobalIDString = F8111E3219A95C8B0040E7D1;
			remoteInfo = "Alamofire iOS";
		};
		A87B789A1E32D1680020AFBF /* PBXContainerItemProxy */ = {
			isa = PBXContainerItemProxy;
			containerPortal = A87B787D1E32C8E00020AFBF /* Alamofire.xcodeproj */;
			proxyType = 1;
			remoteGlobalIDString = F8111E3219A95C8B0040E7D1;
			remoteInfo = "Alamofire iOS";
		};
/* End PBXContainerItemProxy section */

/* Begin PBXCopyFilesBuildPhase section */
		A87B789C1E32D1690020AFBF /* Embed Frameworks */ = {
			isa = PBXCopyFilesBuildPhase;
			buildActionMask = 2147483647;
			dstPath = "";
			dstSubfolderSpec = 10;
			files = (
				A87B78991E32D1680020AFBF /* Alamofire.framework in Embed Frameworks */,
			);
			name = "Embed Frameworks";
			runOnlyForDeploymentPostprocessing = 0;
		};
/* End PBXCopyFilesBuildPhase section */

/* Begin PBXFileReference section */
		A84667281E3266F100ED5493 /* Pokecell.swift */ = {isa = PBXFileReference; fileEncoding = 4; lastKnownFileType = sourcecode.swift; path = Pokecell.swift; sourceTree = "<group>"; };
		A846672B1E32742E00ED5493 /* csv.swift */ = {isa = PBXFileReference; fileEncoding = 4; lastKnownFileType = sourcecode.swift; path = csv.swift; sourceTree = "<group>"; };
		A87B6F041E31468B000207C5 /* Poxedex.app */ = {isa = PBXFileReference; explicitFileType = wrapper.application; includeInIndex = 0; path = Poxedex.app; sourceTree = BUILT_PRODUCTS_DIR; };
		A87B6F071E31468B000207C5 /* AppDelegate.swift */ = {isa = PBXFileReference; lastKnownFileType = sourcecode.swift; path = AppDelegate.swift; sourceTree = "<group>"; };
		A87B6F091E31468B000207C5 /* PokeVC.swift */ = {isa = PBXFileReference; lastKnownFileType = sourcecode.swift; path = PokeVC.swift; sourceTree = "<group>"; };
		A87B6F0C1E31468B000207C5 /* Base */ = {isa = PBXFileReference; lastKnownFileType = file.storyboard; name = Base; path = Base.lproj/Main.storyboard; sourceTree = "<group>"; };
		A87B6F0E1E31468B000207C5 /* Assets.xcassets */ = {isa = PBXFileReference; lastKnownFileType = folder.assetcatalog; path = Assets.xcassets; sourceTree = "<group>"; };
		A87B6F111E31468B000207C5 /* Base */ = {isa = PBXFileReference; lastKnownFileType = file.storyboard; name = Base; path = Base.lproj/LaunchScreen.storyboard; sourceTree = "<group>"; };
		A87B6F131E31468B000207C5 /* Info.plist */ = {isa = PBXFileReference; lastKnownFileType = text.plist.xml; path = Info.plist; sourceTree = "<group>"; };
		A87B6F181E31468C000207C5 /* PoxedexTests.xctest */ = {isa = PBXFileReference; explicitFileType = wrapper.cfbundle; includeInIndex = 0; path = PoxedexTests.xctest; sourceTree = BUILT_PRODUCTS_DIR; };
		A87B6F1C1E31468C000207C5 /* PoxedexTests.swift */ = {isa = PBXFileReference; lastKnownFileType = sourcecode.swift; path = PoxedexTests.swift; sourceTree = "<group>"; };
		A87B6F1E1E31468C000207C5 /* Info.plist */ = {isa = PBXFileReference; lastKnownFileType = text.plist.xml; path = Info.plist; sourceTree = "<group>"; };
		A87B6F231E31468C000207C5 /* PoxedexUITests.xctest */ = {isa = PBXFileReference; explicitFileType = wrapper.cfbundle; includeInIndex = 0; path = PoxedexUITests.xctest; sourceTree = BUILT_PRODUCTS_DIR; };
		A87B6F271E31468C000207C5 /* PoxedexUITests.swift */ = {isa = PBXFileReference; lastKnownFileType = sourcecode.swift; path = PoxedexUITests.swift; sourceTree = "<group>"; };
		A87B6F291E31468C000207C5 /* Info.plist */ = {isa = PBXFileReference; lastKnownFileType = text.plist.xml; path = Info.plist; sourceTree = "<group>"; };
		A87B787D1E32C8E00020AFBF /* Alamofire.xcodeproj */ = {isa = PBXFileReference; lastKnownFileType = "wrapper.pb-project"; name = Alamofire.xcodeproj; path = "../Alamofire-master/Alamofire.xcodeproj"; sourceTree = "<group>"; };
		A884B4041E329754009F645B /* PokemonDetailVC.swift */ = {isa = PBXFileReference; fileEncoding = 4; lastKnownFileType = sourcecode.swift; path = PokemonDetailVC.swift; sourceTree = "<group>"; };
		A884B40D1E32AED8009F645B /* Constants.swift */ = {isa = PBXFileReference; fileEncoding = 4; lastKnownFileType = sourcecode.swift; path = Constants.swift; sourceTree = "<group>"; };
		A8A3ACF41E327C7600B5BFDA /* Pokemon.ttf */ = {isa = PBXFileReference; lastKnownFileType = file; path = Pokemon.ttf; sourceTree = "<group>"; };
		A8A3ACF61E3280D200B5BFDA /* music.mp3 */ = {isa = PBXFileReference; lastKnownFileType = audio.mp3; path = music.mp3; sourceTree = "<group>"; };
		A8B0D2E71E314DA800C79026 /* pokemon.csv */ = {isa = PBXFileReference; fileEncoding = 4; lastKnownFileType = text; path = pokemon.csv; sourceTree = "<group>"; };
		A8B0D2EA1E31531C00C79026 /* Pokemon.swift */ = {isa = PBXFileReference; fileEncoding = 4; lastKnownFileType = sourcecode.swift; path = Pokemon.swift; sourceTree = "<group>"; };
/* End PBXFileReference section */

/* Begin PBXFrameworksBuildPhase section */
		A87B6F011E31468B000207C5 /* Frameworks */ = {
			isa = PBXFrameworksBuildPhase;
			buildActionMask = 2147483647;
			files = (
				A87B78981E32D1680020AFBF /* Alamofire.framework in Frameworks */,
			);
			runOnlyForDeploymentPostprocessing = 0;
		};
		A87B6F151E31468C000207C5 /* Frameworks */ = {
			isa = PBXFrameworksBuildPhase;
			buildActionMask = 2147483647;
			files = (
			);
			runOnlyForDeploymentPostprocessing = 0;
		};
		A87B6F201E31468C000207C5 /* Frameworks */ = {
			isa = PBXFrameworksBuildPhase;
			buildActionMask = 2147483647;
			files = (
			);
			runOnlyForDeploymentPostprocessing = 0;
		};
/* End PBXFrameworksBuildPhase section */

/* Begin PBXGroup section */
		A84667201E3266CA00ED5493 /* View */ = {
			isa = PBXGroup;
			children = (
				A84667281E3266F100ED5493 /* Pokecell.swift */,
			);
			name = View;
			sourceTree = "<group>";
		};
		A87B6EFB1E31468B000207C5 = {
			isa = PBXGroup;
			children = (
				A87B787D1E32C8E00020AFBF /* Alamofire.xcodeproj */,
				A87B6F061E31468B000207C5 /* Poxedex */,
				A87B6F1B1E31468C000207C5 /* PoxedexTests */,
				A87B6F261E31468C000207C5 /* PoxedexUITests */,
				A87B6F051E31468B000207C5 /* Products */,
			);
			sourceTree = "<group>";
		};
		A87B6F051E31468B000207C5 /* Products */ = {
			isa = PBXGroup;
			children = (
				A87B6F041E31468B000207C5 /* Poxedex.app */,
				A87B6F181E31468C000207C5 /* PoxedexTests.xctest */,
				A87B6F231E31468C000207C5 /* PoxedexUITests.xctest */,
			);
			name = Products;
			sourceTree = "<group>";
		};
		A87B6F061E31468B000207C5 /* Poxedex */ = {
			isa = PBXGroup;
			children = (
				A8A3ACF31E327C1800B5BFDA /* Resources */,
				A8B0D2E91E31530E00C79026 /* Model */,
				A84667201E3266CA00ED5493 /* View */,
				A8A3ACEA1E327BE500B5BFDA /* Controller */,
				A8A3ACF21E327C0000B5BFDA /* Util */,
				A87B6F071E31468B000207C5 /* AppDelegate.swift */,
				A87B6F0B1E31468B000207C5 /* Main.storyboard */,
				A87B6F0E1E31468B000207C5 /* Assets.xcassets */,
				A87B6F101E31468B000207C5 /* LaunchScreen.storyboard */,
				A87B6F131E31468B000207C5 /* Info.plist */,
			);
			path = Poxedex;
			sourceTree = "<group>";
		};
		A87B6F1B1E31468C000207C5 /* PoxedexTests */ = {
			isa = PBXGroup;
			children = (
				A87B6F1C1E31468C000207C5 /* PoxedexTests.swift */,
				A87B6F1E1E31468C000207C5 /* Info.plist */,
			);
			path = PoxedexTests;
			sourceTree = "<group>";
		};
		A87B6F261E31468C000207C5 /* PoxedexUITests */ = {
			isa = PBXGroup;
			children = (
				A87B6F271E31468C000207C5 /* PoxedexUITests.swift */,
				A87B6F291E31468C000207C5 /* Info.plist */,
			);
			path = PoxedexUITests;
			sourceTree = "<group>";
		};
		A87B787E1E32C8E00020AFBF /* Products */ = {
			isa = PBXGroup;
			children = (
				A87B78891E32C8E00020AFBF /* Alamofire.framework */,
				A87B788B1E32C8E00020AFBF /* Alamofire iOS Tests.xctest */,
				A87B788D1E32C8E00020AFBF /* Alamofire.framework */,
				A87B788F1E32C8E00020AFBF /* Alamofire macOS Tests.xctest */,
				A87B78911E32C8E00020AFBF /* Alamofire.framework */,
				A87B78931E32C8E00020AFBF /* Alamofire tvOS Tests.xctest */,
				A87B78951E32C8E00020AFBF /* Alamofire.framework */,
			);
			name = Products;
			sourceTree = "<group>";
		};
		A8A3ACEA1E327BE500B5BFDA /* Controller */ = {
			isa = PBXGroup;
			children = (
				A87B6F091E31468B000207C5 /* PokeVC.swift */,
				A884B4041E329754009F645B /* PokemonDetailVC.swift */,
			);
			name = Controller;
			sourceTree = "<group>";
		};
		A8A3ACF21E327C0000B5BFDA /* Util */ = {
			isa = PBXGroup;
			children = (
				A846672B1E32742E00ED5493 /* csv.swift */,
				A884B40D1E32AED8009F645B /* Constants.swift */,
			);
			name = Util;
			sourceTree = "<group>";
		};
		A8A3ACF31E327C1800B5BFDA /* Resources */ = {
			isa = PBXGroup;
			children = (
				A8A3ACF41E327C7600B5BFDA /* Pokemon.ttf */,
				A8B0D2E71E314DA800C79026 /* pokemon.csv */,
				A8A3ACF61E3280D200B5BFDA /* music.mp3 */,
			);
			name = Resources;
			sourceTree = "<group>";
		};
		A8B0D2E91E31530E00C79026 /* Model */ = {
			isa = PBXGroup;
			children = (
				A8B0D2EA1E31531C00C79026 /* Pokemon.swift */,
			);
			name = Model;
			sourceTree = "<group>";
		};
/* End PBXGroup section */

/* Begin PBXNativeTarget section */
		A87B6F031E31468B000207C5 /* Poxedex */ = {
			isa = PBXNativeTarget;
			buildConfigurationList = A87B6F2C1E31468C000207C5 /* Build configuration list for PBXNativeTarget "Poxedex" */;
			buildPhases = (
				A87B6F001E31468B000207C5 /* Sources */,
				A87B6F011E31468B000207C5 /* Frameworks */,
				A87B6F021E31468B000207C5 /* Resources */,
				A87B789C1E32D1690020AFBF /* Embed Frameworks */,
			);
			buildRules = (
			);
			dependencies = (
				A87B78971E32C90A0020AFBF /* PBXTargetDependency */,
				A87B789B1E32D1680020AFBF /* PBXTargetDependency */,
			);
			name = Poxedex;
			productName = Poxedex;
			productReference = A87B6F041E31468B000207C5 /* Poxedex.app */;
			productType = "com.apple.product-type.application";
		};
		A87B6F171E31468C000207C5 /* PoxedexTests */ = {
			isa = PBXNativeTarget;
			buildConfigurationList = A87B6F2F1E31468C000207C5 /* Build configuration list for PBXNativeTarget "PoxedexTests" */;
			buildPhases = (
				A87B6F141E31468C000207C5 /* Sources */,
				A87B6F151E31468C000207C5 /* Frameworks */,
				A87B6F161E31468C000207C5 /* Resources */,
			);
			buildRules = (
			);
			dependencies = (
				A87B6F1A1E31468C000207C5 /* PBXTargetDependency */,
			);
			name = PoxedexTests;
			productName = PoxedexTests;
			productReference = A87B6F181E31468C000207C5 /* PoxedexTests.xctest */;
			productType = "com.apple.product-type.bundle.unit-test";
		};
		A87B6F221E31468C000207C5 /* PoxedexUITests */ = {
			isa = PBXNativeTarget;
			buildConfigurationList = A87B6F321E31468C000207C5 /* Build configuration list for PBXNativeTarget "PoxedexUITests" */;
			buildPhases = (
				A87B6F1F1E31468C000207C5 /* Sources */,
				A87B6F201E31468C000207C5 /* Frameworks */,
				A87B6F211E31468C000207C5 /* Resources */,
			);
			buildRules = (
			);
			dependencies = (
				A87B6F251E31468C000207C5 /* PBXTargetDependency */,
			);
			name = PoxedexUITests;
			productName = PoxedexUITests;
			productReference = A87B6F231E31468C000207C5 /* PoxedexUITests.xctest */;
			productType = "com.apple.product-type.bundle.ui-testing";
		};
/* End PBXNativeTarget section */

/* Begin PBXProject section */
		A87B6EFC1E31468B000207C5 /* Project object */ = {
			isa = PBXProject;
			attributes = {
				LastSwiftUpdateCheck = 0820;
				LastUpgradeCheck = 0820;
				ORGANIZATIONNAME = lokeshreddy;
				TargetAttributes = {
					A87B6F031E31468B000207C5 = {
						CreatedOnToolsVersion = 8.2.1;
						DevelopmentTeam = 6NQPS8KNZG;
						LastSwiftMigration = 0820;
						ProvisioningStyle = Automatic;
					};
					A87B6F171E31468C000207C5 = {
						CreatedOnToolsVersion = 8.2.1;
						DevelopmentTeam = 6NQPS8KNZG;
						LastSwiftMigration = 0820;
						ProvisioningStyle = Automatic;
						TestTargetID = A87B6F031E31468B000207C5;
					};
					A87B6F221E31468C000207C5 = {
						CreatedOnToolsVersion = 8.2.1;
						DevelopmentTeam = 6NQPS8KNZG;
						LastSwiftMigration = 0820;
						ProvisioningStyle = Automatic;
						TestTargetID = A87B6F031E31468B000207C5;
					};
				};
			};
			buildConfigurationList = A87B6EFF1E31468B000207C5 /* Build configuration list for PBXProject "Poxedex" */;
			compatibilityVersion = "Xcode 3.2";
			developmentRegion = English;
			hasScannedForEncodings = 0;
			knownRegions = (
				en,
				Base,
			);
			mainGroup = A87B6EFB1E31468B000207C5;
			productRefGroup = A87B6F051E31468B000207C5 /* Products */;
			projectDirPath = "";
			projectReferences = (
				{
					ProductGroup = A87B787E1E32C8E00020AFBF /* Products */;
					ProjectRef = A87B787D1E32C8E00020AFBF /* Alamofire.xcodeproj */;
				},
			);
			projectRoot = "";
			targets = (
				A87B6F031E31468B000207C5 /* Poxedex */,
				A87B6F171E31468C000207C5 /* PoxedexTests */,
				A87B6F221E31468C000207C5 /* PoxedexUITests */,
			);
		};
/* End PBXProject section */

/* Begin PBXReferenceProxy section */
		A87B78891E32C8E00020AFBF /* Alamofire.framework */ = {
			isa = PBXReferenceProxy;
			fileType = wrapper.framework;
			path = Alamofire.framework;
			remoteRef = A87B78881E32C8E00020AFBF /* PBXContainerItemProxy */;
			sourceTree = BUILT_PRODUCTS_DIR;
		};
		A87B788B1E32C8E00020AFBF /* Alamofire iOS Tests.xctest */ = {
			isa = PBXReferenceProxy;
			fileType = wrapper.cfbundle;
			path = "Alamofire iOS Tests.xctest";
			remoteRef = A87B788A1E32C8E00020AFBF /* PBXContainerItemProxy */;
			sourceTree = BUILT_PRODUCTS_DIR;
		};
		A87B788D1E32C8E00020AFBF /* Alamofire.framework */ = {
			isa = PBXReferenceProxy;
			fileType = wrapper.framework;
			path = Alamofire.framework;
			remoteRef = A87B788C1E32C8E00020AFBF /* PBXContainerItemProxy */;
			sourceTree = BUILT_PRODUCTS_DIR;
		};
		A87B788F1E32C8E00020AFBF /* Alamofire macOS Tests.xctest */ = {
			isa = PBXReferenceProxy;
			fileType = wrapper.cfbundle;
			path = "Alamofire macOS Tests.xctest";
			remoteRef = A87B788E1E32C8E00020AFBF /* PBXContainerItemProxy */;
			sourceTree = BUILT_PRODUCTS_DIR;
		};
		A87B78911E32C8E00020AFBF /* Alamofire.framework */ = {
			isa = PBXReferenceProxy;
			fileType = wrapper.framework;
			path = Alamofire.framework;
			remoteRef = A87B78901E32C8E00020AFBF /* PBXContainerItemProxy */;
			sourceTree = BUILT_PRODUCTS_DIR;
		};
		A87B78931E32C8E00020AFBF /* Alamofire tvOS Tests.xctest */ = {
			isa = PBXReferenceProxy;
			fileType = wrapper.cfbundle;
			path = "Alamofire tvOS Tests.xctest";
			remoteRef = A87B78921E32C8E00020AFBF /* PBXContainerItemProxy */;
			sourceTree = BUILT_PRODUCTS_DIR;
		};
		A87B78951E32C8E00020AFBF /* Alamofire.framework */ = {
			isa = PBXReferenceProxy;
			fileType = wrapper.framework;
			path = Alamofire.framework;
			remoteRef = A87B78941E32C8E00020AFBF /* PBXContainerItemProxy */;
			sourceTree = BUILT_PRODUCTS_DIR;
		};
/* End PBXReferenceProxy section */

/* Begin PBXResourcesBuildPhase section */
		A87B6F021E31468B000207C5 /* Resources */ = {
			isa = PBXResourcesBuildPhase;
			buildActionMask = 2147483647;
			files = (
				A8A3ACF51E327C7600B5BFDA /* Pokemon.ttf in Resources */,
				A87B6F121E31468B000207C5 /* LaunchScreen.storyboard in Resources */,
				A8A3ACF71E3280D200B5BFDA /* music.mp3 in Resources */,
				A87B6F0F1E31468B000207C5 /* Assets.xcassets in Resources */,
				A8B0D2E81E314DA800C79026 /* pokemon.csv in Resources */,
				A87B6F0D1E31468B000207C5 /* Main.storyboard in Resources */,
			);
			runOnlyForDeploymentPostprocessing = 0;
		};
		A87B6F161E31468C000207C5 /* Resources */ = {
			isa = PBXResourcesBuildPhase;
			buildActionMask = 2147483647;
			files = (
			);
			runOnlyForDeploymentPostprocessing = 0;
		};
		A87B6F211E31468C000207C5 /* Resources */ = {
			isa = PBXResourcesBuildPhase;
			buildActionMask = 2147483647;
			files = (
			);
			runOnlyForDeploymentPostprocessing = 0;
		};
/* End PBXResourcesBuildPhase section */

/* Begin PBXSourcesBuildPhase section */
		A87B6F001E31468B000207C5 /* Sources */ = {
			isa = PBXSourcesBuildPhase;
			buildActionMask = 2147483647;
			files = (
				A84667291E3266F100ED5493 /* Pokecell.swift in Sources */,
				A87B6F0A1E31468B000207C5 /* PokeVC.swift in Sources */,
				A87B6F081E31468B000207C5 /* AppDelegate.swift in Sources */,
				A884B4051E329754009F645B /* PokemonDetailVC.swift in Sources */,
				A884B40E1E32AED8009F645B /* Constants.swift in Sources */,
				A8B0D2EB1E31531C00C79026 /* Pokemon.swift in Sources */,
				A846672C1E32742E00ED5493 /* csv.swift in Sources */,
			);
			runOnlyForDeploymentPostprocessing = 0;
		};
		A87B6F141E31468C000207C5 /* Sources */ = {
			isa = PBXSourcesBuildPhase;
			buildActionMask = 2147483647;
			files = (
				A87B6F1D1E31468C000207C5 /* PoxedexTests.swift in Sources */,
			);
			runOnlyForDeploymentPostprocessing = 0;
		};
		A87B6F1F1E31468C000207C5 /* Sources */ = {
			isa = PBXSourcesBuildPhase;
			buildActionMask = 2147483647;
			files = (
				A87B6F281E31468C000207C5 /* PoxedexUITests.swift in Sources */,
			);
			runOnlyForDeploymentPostprocessing = 0;
		};
/* End PBXSourcesBuildPhase section */

/* Begin PBXTargetDependency section */
		A87B6F1A1E31468C000207C5 /* PBXTargetDependency */ = {
			isa = PBXTargetDependency;
			target = A87B6F031E31468B000207C5 /* Poxedex */;
			targetProxy = A87B6F191E31468C000207C5 /* PBXContainerItemProxy */;
		};
		A87B6F251E31468C000207C5 /* PBXTargetDependency */ = {
			isa = PBXTargetDependency;
			target = A87B6F031E31468B000207C5 /* Poxedex */;
			targetProxy = A87B6F241E31468C000207C5 /* PBXContainerItemProxy */;
		};
		A87B78971E32C90A0020AFBF /* PBXTargetDependency */ = {
			isa = PBXTargetDependency;
			name = "Alamofire iOS";
			targetProxy = A87B78961E32C90A0020AFBF /* PBXContainerItemProxy */;
		};
		A87B789B1E32D1680020AFBF /* PBXTargetDependency */ = {
			isa = PBXTargetDependency;
			name = "Alamofire iOS";
			targetProxy = A87B789A1E32D1680020AFBF /* PBXContainerItemProxy */;
		};
/* End PBXTargetDependency section */

/* Begin PBXVariantGroup section */
		A87B6F0B1E31468B000207C5 /* Main.storyboard */ = {
			isa = PBXVariantGroup;
			children = (
				A87B6F0C1E31468B000207C5 /* Base */,
			);
			name = Main.storyboard;
			sourceTree = "<group>";
		};
		A87B6F101E31468B000207C5 /* LaunchScreen.storyboard */ = {
			isa = PBXVariantGroup;
			children = (
				A87B6F111E31468B000207C5 /* Base */,
			);
			name = LaunchScreen.storyboard;
			sourceTree = "<group>";
		};
/* End PBXVariantGroup section */

/* Begin XCBuildConfiguration section */
		A87B6F2A1E31468C000207C5 /* Debug */ = {
			isa = XCBuildConfiguration;
			buildSettings = {
				ALWAYS_SEARCH_USER_PATHS = NO;
				CLANG_ANALYZER_NONNULL = YES;
				CLANG_CXX_LANGUAGE_STANDARD = "gnu++0x";
				CLANG_CXX_LIBRARY = "libc++";
				CLANG_ENABLE_MODULES = YES;
				CLANG_ENABLE_OBJC_ARC = YES;
				CLANG_WARN_BOOL_CONVERSION = YES;
				CLANG_WARN_CONSTANT_CONVERSION = YES;
				CLANG_WARN_DIRECT_OBJC_ISA_USAGE = YES_ERROR;
				CLANG_WARN_DOCUMENTATION_COMMENTS = YES;
				CLANG_WARN_EMPTY_BODY = YES;
				CLANG_WARN_ENUM_CONVERSION = YES;
				CLANG_WARN_INFINITE_RECURSION = YES;
				CLANG_WARN_INT_CONVERSION = YES;
				CLANG_WARN_OBJC_ROOT_CLASS = YES_ERROR;
				CLANG_WARN_SUSPICIOUS_MOVE = YES;
				CLANG_WARN_UNREACHABLE_CODE = YES;
				CLANG_WARN__DUPLICATE_METHOD_MATCH = YES;
				"CODE_SIGN_IDENTITY[sdk=iphoneos*]" = "iPhone Developer";
				COPY_PHASE_STRIP = NO;
				DEBUG_INFORMATION_FORMAT = dwarf;
				ENABLE_STRICT_OBJC_MSGSEND = YES;
				ENABLE_TESTABILITY = YES;
				GCC_C_LANGUAGE_STANDARD = gnu99;
				GCC_DYNAMIC_NO_PIC = NO;
				GCC_NO_COMMON_BLOCKS = YES;
				GCC_OPTIMIZATION_LEVEL = 0;
				GCC_PREPROCESSOR_DEFINITIONS = (
					"DEBUG=1",
					"$(inherited)",
				);
				GCC_WARN_64_TO_32_BIT_CONVERSION = YES;
				GCC_WARN_ABOUT_RETURN_TYPE = YES_ERROR;
				GCC_WARN_UNDECLARED_SELECTOR = YES;
				GCC_WARN_UNINITIALIZED_AUTOS = YES_AGGRESSIVE;
				GCC_WARN_UNUSED_FUNCTION = YES;
				GCC_WARN_UNUSED_VARIABLE = YES;
				IPHONEOS_DEPLOYMENT_TARGET = 10.2;
				MTL_ENABLE_DEBUG_INFO = YES;
				ONLY_ACTIVE_ARCH = YES;
				SDKROOT = iphoneos;
				SWIFT_ACTIVE_COMPILATION_CONDITIONS = DEBUG;
				SWIFT_OPTIMIZATION_LEVEL = "-Onone";
				TARGETED_DEVICE_FAMILY = "1,2";
			};
			name = Debug;
		};
		A87B6F2B1E31468C000207C5 /* Release */ = {
			isa = XCBuildConfiguration;
			buildSettings = {
				ALWAYS_SEARCH_USER_PATHS = NO;
				CLANG_ANALYZER_NONNULL = YES;
				CLANG_CXX_LANGUAGE_STANDARD = "gnu++0x";
				CLANG_CXX_LIBRARY = "libc++";
				CLANG_ENABLE_MODULES = YES;
				CLANG_ENABLE_OBJC_ARC = YES;
				CLANG_WARN_BOOL_CONVERSION = YES;
				CLANG_WARN_CONSTANT_CONVERSION = YES;
				CLANG_WARN_DIRECT_OBJC_ISA_USAGE = YES_ERROR;
				CLANG_WARN_DOCUMENTATION_COMMENTS = YES;
				CLANG_WARN_EMPTY_BODY = YES;
				CLANG_WARN_ENUM_CONVERSION = YES;
				CLANG_WARN_INFINITE_RECURSION = YES;
				CLANG_WARN_INT_CONVERSION = YES;
				CLANG_WARN_OBJC_ROOT_CLASS = YES_ERROR;
				CLANG_WARN_SUSPICIOUS_MOVE = YES;
				CLANG_WARN_UNREACHABLE_CODE = YES;
				CLANG_WARN__DUPLICATE_METHOD_MATCH = YES;
				"CODE_SIGN_IDENTITY[sdk=iphoneos*]" = "iPhone Developer";
				COPY_PHASE_STRIP = NO;
				DEBUG_INFORMATION_FORMAT = "dwarf-with-dsym";
				ENABLE_NS_ASSERTIONS = NO;
				ENABLE_STRICT_OBJC_MSGSEND = YES;
				GCC_C_LANGUAGE_STANDARD = gnu99;
				GCC_NO_COMMON_BLOCKS = YES;
				GCC_WARN_64_TO_32_BIT_CONVERSION = YES;
				GCC_WARN_ABOUT_RETURN_TYPE = YES_ERROR;
				GCC_WARN_UNDECLARED_SELECTOR = YES;
				GCC_WARN_UNINITIALIZED_AUTOS = YES_AGGRESSIVE;
				GCC_WARN_UNUSED_FUNCTION = YES;
				GCC_WARN_UNUSED_VARIABLE = YES;
				IPHONEOS_DEPLOYMENT_TARGET = 10.2;
				MTL_ENABLE_DEBUG_INFO = NO;
				SDKROOT = iphoneos;
				SWIFT_OPTIMIZATION_LEVEL = "-Owholemodule";
				TARGETED_DEVICE_FAMILY = "1,2";
				VALIDATE_PRODUCT = YES;
			};
			name = Release;
		};
		A87B6F2D1E31468C000207C5 /* Debug */ = {
			isa = XCBuildConfiguration;
			buildSettings = {
				ALWAYS_EMBED_SWIFT_STANDARD_LIBRARIES = YES;
				ASSETCATALOG_COMPILER_APPICON_NAME = AppIcon;
				DEVELOPMENT_TEAM = 6NQPS8KNZG;
				INFOPLIST_FILE = Poxedex/Info.plist;
				LD_RUNPATH_SEARCH_PATHS = "$(inherited) @executable_path/Frameworks";
				PRODUCT_BUNDLE_IDENTIFIER = com.pothapu.Poxedex;
				PRODUCT_NAME = "$(TARGET_NAME)";
				SWIFT_VERSION = 3.0;
			};
			name = Debug;
		};
		A87B6F2E1E31468C000207C5 /* Release */ = {
			isa = XCBuildConfiguration;
			buildSettings = {
				ALWAYS_EMBED_SWIFT_STANDARD_LIBRARIES = YES;
				ASSETCATALOG_COMPILER_APPICON_NAME = AppIcon;
				DEVELOPMENT_TEAM = 6NQPS8KNZG;
				INFOPLIST_FILE = Poxedex/Info.plist;
				LD_RUNPATH_SEARCH_PATHS = "$(inherited) @executable_path/Frameworks";
				PRODUCT_BUNDLE_IDENTIFIER = com.pothapu.Poxedex;
				PRODUCT_NAME = "$(TARGET_NAME)";
				SWIFT_VERSION = 3.0;
			};
			name = Release;
		};
		A87B6F301E31468C000207C5 /* Debug */ = {
			isa = XCBuildConfiguration;
			buildSettings = {
				ALWAYS_EMBED_SWIFT_STANDARD_LIBRARIES = YES;
				BUNDLE_LOADER = "$(TEST_HOST)";
				DEVELOPMENT_TEAM = 6NQPS8KNZG;
				INFOPLIST_FILE = PoxedexTests/Info.plist;
				LD_RUNPATH_SEARCH_PATHS = "$(inherited) @executable_path/Frameworks @loader_path/Frameworks";
				PRODUCT_BUNDLE_IDENTIFIER = com.pothapu.PoxedexTests;
				PRODUCT_NAME = "$(TARGET_NAME)";
				SWIFT_VERSION = 3.0;
				TEST_HOST = "$(BUILT_PRODUCTS_DIR)/Poxedex.app/Poxedex";
			};
			name = Debug;
		};
		A87B6F311E31468C000207C5 /* Release */ = {
			isa = XCBuildConfiguration;
			buildSettings = {
				ALWAYS_EMBED_SWIFT_STANDARD_LIBRARIES = YES;
				BUNDLE_LOADER = "$(TEST_HOST)";
				DEVELOPMENT_TEAM = 6NQPS8KNZG;
				INFOPLIST_FILE = PoxedexTests/Info.plist;
				LD_RUNPATH_SEARCH_PATHS = "$(inherited) @executable_path/Frameworks @loader_path/Frameworks";
				PRODUCT_BUNDLE_IDENTIFIER = com.pothapu.PoxedexTests;
				PRODUCT_NAME = "$(TARGET_NAME)";
				SWIFT_VERSION = 3.0;
				TEST_HOST = "$(BUILT_PRODUCTS_DIR)/Poxedex.app/Poxedex";
			};
			name = Release;
		};
		A87B6F331E31468C000207C5 /* Debug */ = {
			isa = XCBuildConfiguration;
			buildSettings = {
				ALWAYS_EMBED_SWIFT_STANDARD_LIBRARIES = YES;
				DEVELOPMENT_TEAM = 6NQPS8KNZG;
				INFOPLIST_FILE = PoxedexUITests/Info.plist;
				LD_RUNPATH_SEARCH_PATHS = "$(inherited) @executable_path/Frameworks @loader_path/Frameworks";
				PRODUCT_BUNDLE_IDENTIFIER = com.pothapu.PoxedexUITests;
				PRODUCT_NAME = "$(TARGET_NAME)";
				SWIFT_VERSION = 3.0;
				TEST_TARGET_NAME = Poxedex;
			};
			name = Debug;
		};
		A87B6F341E31468C000207C5 /* Release */ = {
			isa = XCBuildConfiguration;
			buildSettings = {
				ALWAYS_EMBED_SWIFT_STANDARD_LIBRARIES = YES;
				DEVELOPMENT_TEAM = 6NQPS8KNZG;
				INFOPLIST_FILE = PoxedexUITests/Info.plist;
				LD_RUNPATH_SEARCH_PATHS = "$(inherited) @executable_path/Frameworks @loader_path/Frameworks";
				PRODUCT_BUNDLE_IDENTIFIER = com.pothapu.PoxedexUITests;
				PRODUCT_NAME = "$(TARGET_NAME)";
				SWIFT_VERSION = 3.0;
				TEST_TARGET_NAME = Poxedex;
			};
			name = Release;
		};
/* End XCBuildConfiguration section */

/* Begin XCConfigurationList section */
		A87B6EFF1E31468B000207C5 /* Build configuration list for PBXProject "Poxedex" */ = {
			isa = XCConfigurationList;
			buildConfigurations = (
				A87B6F2A1E31468C000207C5 /* Debug */,
				A87B6F2B1E31468C000207C5 /* Release */,
			);
			defaultConfigurationIsVisible = 0;
			defaultConfigurationName = Release;
		};
		A87B6F2C1E31468C000207C5 /* Build configuration list for PBXNativeTarget "Poxedex" */ = {
			isa = XCConfigurationList;
			buildConfigurations = (
				A87B6F2D1E31468C000207C5 /* Debug */,
				A87B6F2E1E31468C000207C5 /* Release */,
			);
			defaultConfigurationIsVisible = 0;
			defaultConfigurationName = Release;
		};
		A87B6F2F1E31468C000207C5 /* Build configuration list for PBXNativeTarget "PoxedexTests" */ = {
			isa = XCConfigurationList;
			buildConfigurations = (
				A87B6F301E31468C000207C5 /* Debug */,
				A87B6F311E31468C000207C5 /* Release */,
			);
			defaultConfigurationIsVisible = 0;
			defaultConfigurationName = Release;
		};
		A87B6F321E31468C000207C5 /* Build configuration list for PBXNativeTarget "PoxedexUITests" */ = {
			isa = XCConfigurationList;
			buildConfigurations = (
				A87B6F331E31468C000207C5 /* Debug */,
				A87B6F341E31468C000207C5 /* Release */,
			);
			defaultConfigurationIsVisible = 0;
			defaultConfigurationName = Release;
		};
/* End XCConfigurationList section */
	};
	rootObject = A87B6EFC1E31468B000207C5 /* Project object */;
}
